{
    "name": "dub-editor-sa-electron",
    "version": "2.0.1",
    "lockfileVersion": 3,
    "requires": true,
    "packages": {
        "": {
            "name": "dub-editor-sa-electron",
            "version": "2.0.1",
            "hasInstallScript": true,
            "license": "MIT"
        }
    }
}
